// !$*UTF8*$!
{
	archiveVersion = 1;
	classes = {
	};
	objectVersion = 56;
	objects = {

/* Begin PBXBuildFile section */
		CB02DFEF2950EEA50008AB44 /* PreferencesVC.swift in Sources */ = {isa = PBXBuildFile; fileRef = CB02DFEE2950EEA50008AB44 /* PreferencesVC.swift */; };
		CB02E011295100E70008AB44 /* StatisticsVC.swift in Sources */ = {isa = PBXBuildFile; fileRef = CB02E010295100E70008AB44 /* StatisticsVC.swift */; };
		CB02E0142951037E0008AB44 /* SelectionList in Frameworks */ = {isa = PBXBuildFile; productRef = CB02E0132951037E0008AB44 /* SelectionList */; };
		CB496679294E91F500934805 /* GoogleService-Info.plist in Resources */ = {isa = PBXBuildFile; fileRef = CB496678294E91F500934805 /* GoogleService-Info.plist */; };
		CBAB2CD3294A9218001876DD /* AppDelegate.swift in Sources */ = {isa = PBXBuildFile; fileRef = CBAB2CD2294A9218001876DD /* AppDelegate.swift */; };
		CBAB2CD5294A9218001876DD /* SceneDelegate.swift in Sources */ = {isa = PBXBuildFile; fileRef = CBAB2CD4294A9218001876DD /* SceneDelegate.swift */; };
		CBAB2CD7294A9218001876DD /* HomeVC.swift in Sources */ = {isa = PBXBuildFile; fileRef = CBAB2CD6294A9218001876DD /* HomeVC.swift */; };
		CBAB2CDC294A921A001876DD /* Assets.xcassets in Resources */ = {isa = PBXBuildFile; fileRef = CBAB2CDB294A921A001876DD /* Assets.xcassets */; };
		CBAB2CDF294A921A001876DD /* LaunchScreen.storyboard in Resources */ = {isa = PBXBuildFile; fileRef = CBAB2CDD294A921A001876DD /* LaunchScreen.storyboard */; };
		CBAB2CEB294A949E001876DD /* CalendarKit in Frameworks */ = {isa = PBXBuildFile; productRef = CBAB2CEA294A949E001876DD /* CalendarKit */; };
		CBAB2CED294A96FC001876DD /* EKWrapper.swift in Sources */ = {isa = PBXBuildFile; fileRef = CBAB2CEC294A96FC001876DD /* EKWrapper.swift */; };
		CBAB2CF3294AD92C001876DD /* FirebaseAnalytics in Frameworks */ = {isa = PBXBuildFile; productRef = CBAB2CF2294AD92C001876DD /* FirebaseAnalytics */; };
		CBAB2CF5294AD92C001876DD /* FirebaseAuth in Frameworks */ = {isa = PBXBuildFile; productRef = CBAB2CF4294AD92C001876DD /* FirebaseAuth */; };
		CBAB2CF7294AD92C001876DD /* FirebaseFirestore in Frameworks */ = {isa = PBXBuildFile; productRef = CBAB2CF6294AD92C001876DD /* FirebaseFirestore */; };
		CBAB2CFB294AE588001876DD /* UIColor+ColorScheme.swift in Sources */ = {isa = PBXBuildFile; fileRef = CBAB2CFA294AE588001876DD /* UIColor+ColorScheme.swift */; };
		CBAB2CFD294AE59E001876DD /* UIColor+Hex.swift in Sources */ = {isa = PBXBuildFile; fileRef = CBAB2CFC294AE59E001876DD /* UIColor+Hex.swift */; };
		CBAB2CFF294AE5F2001876DD /* UIViewController+HideKeyboard.swift in Sources */ = {isa = PBXBuildFile; fileRef = CBAB2CFE294AE5F2001876DD /* UIViewController+HideKeyboard.swift */; };
		CBAB2D01294AE6F2001876DD /* ContentLabel.swift in Sources */ = {isa = PBXBuildFile; fileRef = CBAB2D00294AE6F2001876DD /* ContentLabel.swift */; };
		CBAB2D03294AE984001876DD /* MediumLabel.swift in Sources */ = {isa = PBXBuildFile; fileRef = CBAB2D02294AE984001876DD /* MediumLabel.swift */; };
		CBAB2D05294AE9E4001876DD /* TimeStepperView.swift in Sources */ = {isa = PBXBuildFile; fileRef = CBAB2D04294AE9E4001876DD /* TimeStepperView.swift */; };
		CBAB2D07294AEAA6001876DD /* Utility.swift in Sources */ = {isa = PBXBuildFile; fileRef = CBAB2D06294AEAA6001876DD /* Utility.swift */; };
		CBAB2D09294AEB51001876DD /* User.swift in Sources */ = {isa = PBXBuildFile; fileRef = CBAB2D08294AEB51001876DD /* User.swift */; };
		CBAB2D0B294AEBE8001876DD /* Task.swift in Sources */ = {isa = PBXBuildFile; fileRef = CBAB2D0A294AEBE8001876DD /* Task.swift */; };
		CBAB2D0D294AEE8C001876DD /* HabitInstance.swift in Sources */ = {isa = PBXBuildFile; fileRef = CBAB2D0C294AEE8C001876DD /* HabitInstance.swift */; };
		CBAB2D0F294AEEA9001876DD /* Habit.swift in Sources */ = {isa = PBXBuildFile; fileRef = CBAB2D0E294AEEA9001876DD /* Habit.swift */; };
		CBAB2D14294AEECC001876DD /* Database.swift in Sources */ = {isa = PBXBuildFile; fileRef = CBAB2D13294AEECC001876DD /* Database.swift */; };
		CBAB2D17294AEF0B001876DD /* Authentication.swift in Sources */ = {isa = PBXBuildFile; fileRef = CBAB2D16294AEF0B001876DD /* Authentication.swift */; };
		CBAB2D19294AEF46001876DD /* DayInterval.swift in Sources */ = {isa = PBXBuildFile; fileRef = CBAB2D18294AEF46001876DD /* DayInterval.swift */; };
		CBAB2D1B294BA3AC001876DD /* CKWrapper.swift in Sources */ = {isa = PBXBuildFile; fileRef = CBAB2D1A294BA3AC001876DD /* CKWrapper.swift */; };
		CBAB2D1D294BB134001876DD /* SignInVC.swift in Sources */ = {isa = PBXBuildFile; fileRef = CBAB2D1C294BB134001876DD /* SignInVC.swift */; };
		CBAB2D1F294BB13E001876DD /* SignUpVC.swift in Sources */ = {isa = PBXBuildFile; fileRef = CBAB2D1E294BB13E001876DD /* SignUpVC.swift */; };
		CBAB2D21294BB16F001876DD /* LabeledTextField.swift in Sources */ = {isa = PBXBuildFile; fileRef = CBAB2D20294BB16F001876DD /* LabeledTextField.swift */; };
		CBAB2D23294BB19A001876DD /* HorizontalActionLabel.swift in Sources */ = {isa = PBXBuildFile; fileRef = CBAB2D22294BB19A001876DD /* HorizontalActionLabel.swift */; };
		CBAB2D25294BB24F001876DD /* TitleLabel.swift in Sources */ = {isa = PBXBuildFile; fileRef = CBAB2D24294BB24F001876DD /* TitleLabel.swift */; };
		CBAB2D28294BB2E6001876DD /* NotificationBannerSwift in Frameworks */ = {isa = PBXBuildFile; productRef = CBAB2D27294BB2E6001876DD /* NotificationBannerSwift */; };
		CBAB2D2A294BB451001876DD /* LoadingButton.swift in Sources */ = {isa = PBXBuildFile; fileRef = CBAB2D29294BB451001876DD /* LoadingButton.swift */; };
		CBAB2D2C294BB4E2001876DD /* TabBarVC.swift in Sources */ = {isa = PBXBuildFile; fileRef = CBAB2D2B294BB4E2001876DD /* TabBarVC.swift */; };
		CBAB2D2E294BB5D9001876DD /* TasksVC.swift in Sources */ = {isa = PBXBuildFile; fileRef = CBAB2D2D294BB5D9001876DD /* TasksVC.swift */; };
		CBAB2D31294BB682001876DD /* EzPopup in Frameworks */ = {isa = PBXBuildFile; productRef = CBAB2D30294BB682001876DD /* EzPopup */; };
		CBAB2D33294BB700001876DD /* TaskEditorVC.swift in Sources */ = {isa = PBXBuildFile; fileRef = CBAB2D32294BB700001876DD /* TaskEditorVC.swift */; };
		CBAB2D36294BCEB8001876DD /* FirebaseFirestoreSwift in Frameworks */ = {isa = PBXBuildFile; productRef = CBAB2D35294BCEB8001876DD /* FirebaseFirestoreSwift */; };
		CBAB2D38294BCFD2001876DD /* ProfileVC.swift in Sources */ = {isa = PBXBuildFile; fileRef = CBAB2D37294BCFD2001876DD /* ProfileVC.swift */; };
		CBAB2D3A294BD1E5001876DD /* HabitsVC.swift in Sources */ = {isa = PBXBuildFile; fileRef = CBAB2D39294BD1E5001876DD /* HabitsVC.swift */; };
		CBAB2D3C294BD237001876DD /* HabitEditorVC.swift in Sources */ = {isa = PBXBuildFile; fileRef = CBAB2D3B294BD237001876DD /* HabitEditorVC.swift */; };
		CBAB2D3F294BD284001876DD /* TagListView in Frameworks */ = {isa = PBXBuildFile; productRef = CBAB2D3E294BD284001876DD /* TagListView */; };
/* End PBXBuildFile section */

/* Begin PBXFileReference section */
		CB02DFEE2950EEA50008AB44 /* PreferencesVC.swift */ = {isa = PBXFileReference; lastKnownFileType = sourcecode.swift; path = PreferencesVC.swift; sourceTree = "<group>"; };
		CB02E010295100E70008AB44 /* StatisticsVC.swift */ = {isa = PBXFileReference; lastKnownFileType = sourcecode.swift; path = StatisticsVC.swift; sourceTree = "<group>"; };
		CB496678294E91F500934805 /* GoogleService-Info.plist */ = {isa = PBXFileReference; fileEncoding = 4; lastKnownFileType = text.plist.xml; name = "GoogleService-Info.plist"; path = "../../GoogleService-Info.plist"; sourceTree = "<group>"; };
		CBAB2CCF294A9218001876DD /* Calendarize.app */ = {isa = PBXFileReference; explicitFileType = wrapper.application; includeInIndex = 0; path = Calendarize.app; sourceTree = BUILT_PRODUCTS_DIR; };
		CBAB2CD2294A9218001876DD /* AppDelegate.swift */ = {isa = PBXFileReference; lastKnownFileType = sourcecode.swift; path = AppDelegate.swift; sourceTree = "<group>"; };
		CBAB2CD4294A9218001876DD /* SceneDelegate.swift */ = {isa = PBXFileReference; lastKnownFileType = sourcecode.swift; path = SceneDelegate.swift; sourceTree = "<group>"; };
		CBAB2CD6294A9218001876DD /* HomeVC.swift */ = {isa = PBXFileReference; lastKnownFileType = sourcecode.swift; path = HomeVC.swift; sourceTree = "<group>"; };
		CBAB2CDB294A921A001876DD /* Assets.xcassets */ = {isa = PBXFileReference; lastKnownFileType = folder.assetcatalog; path = Assets.xcassets; sourceTree = "<group>"; };
		CBAB2CDE294A921A001876DD /* Base */ = {isa = PBXFileReference; lastKnownFileType = file.storyboard; name = Base; path = Base.lproj/LaunchScreen.storyboard; sourceTree = "<group>"; };
		CBAB2CE0294A921A001876DD /* Info.plist */ = {isa = PBXFileReference; lastKnownFileType = text.plist.xml; path = Info.plist; sourceTree = "<group>"; };
		CBAB2CEC294A96FC001876DD /* EKWrapper.swift */ = {isa = PBXFileReference; lastKnownFileType = sourcecode.swift; path = EKWrapper.swift; sourceTree = "<group>"; };
		CBAB2CFA294AE588001876DD /* UIColor+ColorScheme.swift */ = {isa = PBXFileReference; lastKnownFileType = sourcecode.swift; path = "UIColor+ColorScheme.swift"; sourceTree = "<group>"; };
		CBAB2CFC294AE59E001876DD /* UIColor+Hex.swift */ = {isa = PBXFileReference; lastKnownFileType = sourcecode.swift; path = "UIColor+Hex.swift"; sourceTree = "<group>"; };
		CBAB2CFE294AE5F2001876DD /* UIViewController+HideKeyboard.swift */ = {isa = PBXFileReference; lastKnownFileType = sourcecode.swift; path = "UIViewController+HideKeyboard.swift"; sourceTree = "<group>"; };
		CBAB2D00294AE6F2001876DD /* ContentLabel.swift */ = {isa = PBXFileReference; lastKnownFileType = sourcecode.swift; path = ContentLabel.swift; sourceTree = "<group>"; };
		CBAB2D02294AE984001876DD /* MediumLabel.swift */ = {isa = PBXFileReference; lastKnownFileType = sourcecode.swift; path = MediumLabel.swift; sourceTree = "<group>"; };
		CBAB2D04294AE9E4001876DD /* TimeStepperView.swift */ = {isa = PBXFileReference; lastKnownFileType = sourcecode.swift; path = TimeStepperView.swift; sourceTree = "<group>"; };
		CBAB2D06294AEAA6001876DD /* Utility.swift */ = {isa = PBXFileReference; lastKnownFileType = sourcecode.swift; path = Utility.swift; sourceTree = "<group>"; };
		CBAB2D08294AEB51001876DD /* User.swift */ = {isa = PBXFileReference; lastKnownFileType = sourcecode.swift; path = User.swift; sourceTree = "<group>"; };
		CBAB2D0A294AEBE8001876DD /* Task.swift */ = {isa = PBXFileReference; lastKnownFileType = sourcecode.swift; path = Task.swift; sourceTree = "<group>"; };
		CBAB2D0C294AEE8C001876DD /* HabitInstance.swift */ = {isa = PBXFileReference; lastKnownFileType = sourcecode.swift; path = HabitInstance.swift; sourceTree = "<group>"; };
		CBAB2D0E294AEEA9001876DD /* Habit.swift */ = {isa = PBXFileReference; lastKnownFileType = sourcecode.swift; path = Habit.swift; sourceTree = "<group>"; };
		CBAB2D13294AEECC001876DD /* Database.swift */ = {isa = PBXFileReference; lastKnownFileType = sourcecode.swift; path = Database.swift; sourceTree = "<group>"; };
		CBAB2D16294AEF0B001876DD /* Authentication.swift */ = {isa = PBXFileReference; lastKnownFileType = sourcecode.swift; path = Authentication.swift; sourceTree = "<group>"; };
		CBAB2D18294AEF46001876DD /* DayInterval.swift */ = {isa = PBXFileReference; lastKnownFileType = sourcecode.swift; path = DayInterval.swift; sourceTree = "<group>"; };
		CBAB2D1A294BA3AC001876DD /* CKWrapper.swift */ = {isa = PBXFileReference; lastKnownFileType = sourcecode.swift; path = CKWrapper.swift; sourceTree = "<group>"; };
		CBAB2D1C294BB134001876DD /* SignInVC.swift */ = {isa = PBXFileReference; lastKnownFileType = sourcecode.swift; path = SignInVC.swift; sourceTree = "<group>"; };
		CBAB2D1E294BB13E001876DD /* SignUpVC.swift */ = {isa = PBXFileReference; lastKnownFileType = sourcecode.swift; path = SignUpVC.swift; sourceTree = "<group>"; };
		CBAB2D20294BB16F001876DD /* LabeledTextField.swift */ = {isa = PBXFileReference; lastKnownFileType = sourcecode.swift; path = LabeledTextField.swift; sourceTree = "<group>"; };
		CBAB2D22294BB19A001876DD /* HorizontalActionLabel.swift */ = {isa = PBXFileReference; lastKnownFileType = sourcecode.swift; path = HorizontalActionLabel.swift; sourceTree = "<group>"; };
		CBAB2D24294BB24F001876DD /* TitleLabel.swift */ = {isa = PBXFileReference; lastKnownFileType = sourcecode.swift; path = TitleLabel.swift; sourceTree = "<group>"; };
		CBAB2D29294BB451001876DD /* LoadingButton.swift */ = {isa = PBXFileReference; lastKnownFileType = sourcecode.swift; path = LoadingButton.swift; sourceTree = "<group>"; };
		CBAB2D2B294BB4E2001876DD /* TabBarVC.swift */ = {isa = PBXFileReference; lastKnownFileType = sourcecode.swift; path = TabBarVC.swift; sourceTree = "<group>"; };
		CBAB2D2D294BB5D9001876DD /* TasksVC.swift */ = {isa = PBXFileReference; lastKnownFileType = sourcecode.swift; path = TasksVC.swift; sourceTree = "<group>"; };
		CBAB2D32294BB700001876DD /* TaskEditorVC.swift */ = {isa = PBXFileReference; lastKnownFileType = sourcecode.swift; path = TaskEditorVC.swift; sourceTree = "<group>"; };
		CBAB2D37294BCFD2001876DD /* ProfileVC.swift */ = {isa = PBXFileReference; lastKnownFileType = sourcecode.swift; path = ProfileVC.swift; sourceTree = "<group>"; };
		CBAB2D39294BD1E5001876DD /* HabitsVC.swift */ = {isa = PBXFileReference; lastKnownFileType = sourcecode.swift; path = HabitsVC.swift; sourceTree = "<group>"; };
		CBAB2D3B294BD237001876DD /* HabitEditorVC.swift */ = {isa = PBXFileReference; lastKnownFileType = sourcecode.swift; path = HabitEditorVC.swift; sourceTree = "<group>"; };
/* End PBXFileReference section */

/* Begin PBXFrameworksBuildPhase section */
		CBAB2CCC294A9218001876DD /* Frameworks */ = {
			isa = PBXFrameworksBuildPhase;
			buildActionMask = 2147483647;
			files = (
				CBAB2D31294BB682001876DD /* EzPopup in Frameworks */,
				CBAB2CF3294AD92C001876DD /* FirebaseAnalytics in Frameworks */,
				CBAB2CF7294AD92C001876DD /* FirebaseFirestore in Frameworks */,
				CBAB2D36294BCEB8001876DD /* FirebaseFirestoreSwift in Frameworks */,
				CBAB2CF5294AD92C001876DD /* FirebaseAuth in Frameworks */,
				CB02E0142951037E0008AB44 /* SelectionList in Frameworks */,
				CBAB2D28294BB2E6001876DD /* NotificationBannerSwift in Frameworks */,
				CBAB2D3F294BD284001876DD /* TagListView in Frameworks */,
				CBAB2CEB294A949E001876DD /* CalendarKit in Frameworks */,
			);
			runOnlyForDeploymentPostprocessing = 0;
		};
/* End PBXFrameworksBuildPhase section */

/* Begin PBXGroup section */
		CBAB2CC6294A9218001876DD = {
			isa = PBXGroup;
			children = (
				CBAB2CD1294A9218001876DD /* Calendarize */,
				CBAB2CD0294A9218001876DD /* Products */,
				CBAB2D34294BCEB8001876DD /* Frameworks */,
			);
			sourceTree = "<group>";
		};
		CBAB2CD0294A9218001876DD /* Products */ = {
			isa = PBXGroup;
			children = (
				CBAB2CCF294A9218001876DD /* Calendarize.app */,
			);
			name = Products;
			sourceTree = "<group>";
		};
		CBAB2CD1294A9218001876DD /* Calendarize */ = {
			isa = PBXGroup;
			children = (
				CBAB2CE7294A93C7001876DD /* Views */,
				CBAB2CE6294A93BA001876DD /* Models */,
				CBAB2CE8294A93CB001876DD /* Controllers */,
				CBAB2CD2294A9218001876DD /* AppDelegate.swift */,
				CBAB2CD4294A9218001876DD /* SceneDelegate.swift */,
				CBAB2CDB294A921A001876DD /* Assets.xcassets */,
				CBAB2CDD294A921A001876DD /* LaunchScreen.storyboard */,
				CB496678294E91F500934805 /* GoogleService-Info.plist */,
				CBAB2CE0294A921A001876DD /* Info.plist */,
			);
			path = Calendarize;
			sourceTree = "<group>";
		};
		CBAB2CE6294A93BA001876DD /* Models */ = {
			isa = PBXGroup;
			children = (
				CBAB2CEC294A96FC001876DD /* EKWrapper.swift */,
				CBAB2D1A294BA3AC001876DD /* CKWrapper.swift */,
				CBAB2D06294AEAA6001876DD /* Utility.swift */,
				CBAB2D08294AEB51001876DD /* User.swift */,
				CBAB2D0E294AEEA9001876DD /* Habit.swift */,
				CBAB2D0C294AEE8C001876DD /* HabitInstance.swift */,
				CBAB2D0A294AEBE8001876DD /* Task.swift */,
				CBAB2D18294AEF46001876DD /* DayInterval.swift */,
				CBAB2D13294AEECC001876DD /* Database.swift */,
				CBAB2D16294AEF0B001876DD /* Authentication.swift */,
			);
			path = Models;
			sourceTree = "<group>";
		};
		CBAB2CE7294A93C7001876DD /* Views */ = {
			isa = PBXGroup;
			children = (
				CBAB2D02294AE984001876DD /* MediumLabel.swift */,
				CBAB2D04294AE9E4001876DD /* TimeStepperView.swift */,
				CBAB2D00294AE6F2001876DD /* ContentLabel.swift */,
				CBAB2D20294BB16F001876DD /* LabeledTextField.swift */,
				CBAB2D22294BB19A001876DD /* HorizontalActionLabel.swift */,
				CBAB2D29294BB451001876DD /* LoadingButton.swift */,
				CBAB2D24294BB24F001876DD /* TitleLabel.swift */,
				CBAB2CF9294AE558001876DD /* Extensions */,
			);
			path = Views;
			sourceTree = "<group>";
		};
		CBAB2CE8294A93CB001876DD /* Controllers */ = {
			isa = PBXGroup;
			children = (
				CBAB2D2B294BB4E2001876DD /* TabBarVC.swift */,
				CBAB2CD6294A9218001876DD /* HomeVC.swift */,
				CBAB2D2D294BB5D9001876DD /* TasksVC.swift */,
				CBAB2D32294BB700001876DD /* TaskEditorVC.swift */,
				CBAB2D37294BCFD2001876DD /* ProfileVC.swift */,
				CB02DFEE2950EEA50008AB44 /* PreferencesVC.swift */,
				CB02E010295100E70008AB44 /* StatisticsVC.swift */,
				CBAB2D39294BD1E5001876DD /* HabitsVC.swift */,
				CBAB2D3B294BD237001876DD /* HabitEditorVC.swift */,
				CBAB2CF8294ADBB9001876DD /* Onboarding */,
			);
			path = Controllers;
			sourceTree = "<group>";
		};
		CBAB2CF8294ADBB9001876DD /* Onboarding */ = {
			isa = PBXGroup;
			children = (
				CBAB2D1C294BB134001876DD /* SignInVC.swift */,
				CBAB2D1E294BB13E001876DD /* SignUpVC.swift */,
			);
			path = Onboarding;
			sourceTree = "<group>";
		};
		CBAB2CF9294AE558001876DD /* Extensions */ = {
			isa = PBXGroup;
			children = (
				CBAB2CFA294AE588001876DD /* UIColor+ColorScheme.swift */,
				CBAB2CFC294AE59E001876DD /* UIColor+Hex.swift */,
				CBAB2CFE294AE5F2001876DD /* UIViewController+HideKeyboard.swift */,
			);
			path = Extensions;
			sourceTree = "<group>";
		};
		CBAB2D34294BCEB8001876DD /* Frameworks */ = {
			isa = PBXGroup;
			children = (
			);
			name = Frameworks;
			sourceTree = "<group>";
		};
/* End PBXGroup section */

/* Begin PBXNativeTarget section */
		CBAB2CCE294A9218001876DD /* Calendarize */ = {
			isa = PBXNativeTarget;
			buildConfigurationList = CBAB2CE3294A921A001876DD /* Build configuration list for PBXNativeTarget "Calendarize" */;
			buildPhases = (
				CBAB2CCB294A9218001876DD /* Sources */,
				CBAB2CCC294A9218001876DD /* Frameworks */,
				CBAB2CCD294A9218001876DD /* Resources */,
			);
			buildRules = (
			);
			dependencies = (
			);
			name = Calendarize;
			packageProductDependencies = (
				CBAB2CEA294A949E001876DD /* CalendarKit */,
				CBAB2CF2294AD92C001876DD /* FirebaseAnalytics */,
				CBAB2CF4294AD92C001876DD /* FirebaseAuth */,
				CBAB2CF6294AD92C001876DD /* FirebaseFirestore */,
				CBAB2D27294BB2E6001876DD /* NotificationBannerSwift */,
				CBAB2D30294BB682001876DD /* EzPopup */,
				CBAB2D35294BCEB8001876DD /* FirebaseFirestoreSwift */,
				CBAB2D3E294BD284001876DD /* TagListView */,
				CB02E0132951037E0008AB44 /* SelectionList */,
			);
			productName = Calendarize;
			productReference = CBAB2CCF294A9218001876DD /* Calendarize.app */;
			productType = "com.apple.product-type.application";
		};
/* End PBXNativeTarget section */

/* Begin PBXProject section */
		CBAB2CC7294A9218001876DD /* Project object */ = {
			isa = PBXProject;
			attributes = {
				BuildIndependentTargetsInParallel = 1;
				LastSwiftUpdateCheck = 1410;
				LastUpgradeCheck = 1410;
				TargetAttributes = {
					CBAB2CCE294A9218001876DD = {
						CreatedOnToolsVersion = 14.1;
					};
				};
			};
			buildConfigurationList = CBAB2CCA294A9218001876DD /* Build configuration list for PBXProject "Calendarize" */;
			compatibilityVersion = "Xcode 14.0";
			developmentRegion = en;
			hasScannedForEncodings = 0;
			knownRegions = (
				en,
				Base,
			);
			mainGroup = CBAB2CC6294A9218001876DD;
			packageReferences = (
				CBAB2CE9294A949E001876DD /* XCRemoteSwiftPackageReference "CalendarKit" */,
				CBAB2CF1294AD92C001876DD /* XCRemoteSwiftPackageReference "firebase-ios-sdk" */,
				CBAB2D26294BB2E6001876DD /* XCRemoteSwiftPackageReference "NotificationBanner" */,
				CBAB2D2F294BB682001876DD /* XCRemoteSwiftPackageReference "EzPopup" */,
				CBAB2D3D294BD283001876DD /* XCRemoteSwiftPackageReference "TagListView" */,
				CB02E0122951037D0008AB44 /* XCRemoteSwiftPackageReference "SelectionList" */,
			);
			productRefGroup = CBAB2CD0294A9218001876DD /* Products */;
			projectDirPath = "";
			projectRoot = "";
			targets = (
				CBAB2CCE294A9218001876DD /* Calendarize */,
			);
		};
/* End PBXProject section */

/* Begin PBXResourcesBuildPhase section */
		CBAB2CCD294A9218001876DD /* Resources */ = {
			isa = PBXResourcesBuildPhase;
			buildActionMask = 2147483647;
			files = (
				CBAB2CDF294A921A001876DD /* LaunchScreen.storyboard in Resources */,
				CBAB2CDC294A921A001876DD /* Assets.xcassets in Resources */,
				CB496679294E91F500934805 /* GoogleService-Info.plist in Resources */,
			);
			runOnlyForDeploymentPostprocessing = 0;
		};
/* End PBXResourcesBuildPhase section */

/* Begin PBXSourcesBuildPhase section */
		CBAB2CCB294A9218001876DD /* Sources */ = {
			isa = PBXSourcesBuildPhase;
			buildActionMask = 2147483647;
			files = (
				CBAB2D01294AE6F2001876DD /* ContentLabel.swift in Sources */,
				CBAB2D3A294BD1E5001876DD /* HabitsVC.swift in Sources */,
				CBAB2D19294AEF46001876DD /* DayInterval.swift in Sources */,
				CBAB2D2A294BB451001876DD /* LoadingButton.swift in Sources */,
				CBAB2D38294BCFD2001876DD /* ProfileVC.swift in Sources */,
				CBAB2D0F294AEEA9001876DD /* Habit.swift in Sources */,
				CBAB2CFB294AE588001876DD /* UIColor+ColorScheme.swift in Sources */,
				CBAB2D23294BB19A001876DD /* HorizontalActionLabel.swift in Sources */,
				CBAB2CD7294A9218001876DD /* HomeVC.swift in Sources */,
				CBAB2D07294AEAA6001876DD /* Utility.swift in Sources */,
				CBAB2D33294BB700001876DD /* TaskEditorVC.swift in Sources */,
				CBAB2D2C294BB4E2001876DD /* TabBarVC.swift in Sources */,
				CBAB2D05294AE9E4001876DD /* TimeStepperView.swift in Sources */,
				CBAB2D1F294BB13E001876DD /* SignUpVC.swift in Sources */,
				CBAB2D03294AE984001876DD /* MediumLabel.swift in Sources */,
				CBAB2CD3294A9218001876DD /* AppDelegate.swift in Sources */,
				CBAB2D1B294BA3AC001876DD /* CKWrapper.swift in Sources */,
				CB02E011295100E70008AB44 /* StatisticsVC.swift in Sources */,
				CBAB2D17294AEF0B001876DD /* Authentication.swift in Sources */,
				CBAB2CFF294AE5F2001876DD /* UIViewController+HideKeyboard.swift in Sources */,
				CBAB2D0B294AEBE8001876DD /* Task.swift in Sources */,
				CBAB2D2E294BB5D9001876DD /* TasksVC.swift in Sources */,
				CBAB2D09294AEB51001876DD /* User.swift in Sources */,
				CBAB2D1D294BB134001876DD /* SignInVC.swift in Sources */,
				CBAB2D3C294BD237001876DD /* HabitEditorVC.swift in Sources */,
				CBAB2D0D294AEE8C001876DD /* HabitInstance.swift in Sources */,
				CB02DFEF2950EEA50008AB44 /* PreferencesVC.swift in Sources */,
				CBAB2CFD294AE59E001876DD /* UIColor+Hex.swift in Sources */,
				CBAB2CD5294A9218001876DD /* SceneDelegate.swift in Sources */,
				CBAB2D14294AEECC001876DD /* Database.swift in Sources */,
				CBAB2D25294BB24F001876DD /* TitleLabel.swift in Sources */,
				CBAB2CED294A96FC001876DD /* EKWrapper.swift in Sources */,
				CBAB2D21294BB16F001876DD /* LabeledTextField.swift in Sources */,
			);
			runOnlyForDeploymentPostprocessing = 0;
		};
/* End PBXSourcesBuildPhase section */

/* Begin PBXVariantGroup section */
		CBAB2CDD294A921A001876DD /* LaunchScreen.storyboard */ = {
			isa = PBXVariantGroup;
			children = (
				CBAB2CDE294A921A001876DD /* Base */,
			);
			name = LaunchScreen.storyboard;
			sourceTree = "<group>";
		};
/* End PBXVariantGroup section */

/* Begin XCBuildConfiguration section */
		CBAB2CE1294A921A001876DD /* Debug */ = {
			isa = XCBuildConfiguration;
			buildSettings = {
				ALWAYS_SEARCH_USER_PATHS = NO;
				CLANG_ANALYZER_NONNULL = YES;
				CLANG_ANALYZER_NUMBER_OBJECT_CONVERSION = YES_AGGRESSIVE;
				CLANG_CXX_LANGUAGE_STANDARD = "gnu++20";
				CLANG_ENABLE_MODULES = YES;
				CLANG_ENABLE_OBJC_ARC = YES;
				CLANG_ENABLE_OBJC_WEAK = YES;
				CLANG_WARN_BLOCK_CAPTURE_AUTORELEASING = YES;
				CLANG_WARN_BOOL_CONVERSION = YES;
				CLANG_WARN_COMMA = YES;
				CLANG_WARN_CONSTANT_CONVERSION = YES;
				CLANG_WARN_DEPRECATED_OBJC_IMPLEMENTATIONS = YES;
				CLANG_WARN_DIRECT_OBJC_ISA_USAGE = YES_ERROR;
				CLANG_WARN_DOCUMENTATION_COMMENTS = YES;
				CLANG_WARN_EMPTY_BODY = YES;
				CLANG_WARN_ENUM_CONVERSION = YES;
				CLANG_WARN_INFINITE_RECURSION = YES;
				CLANG_WARN_INT_CONVERSION = YES;
				CLANG_WARN_NON_LITERAL_NULL_CONVERSION = YES;
				CLANG_WARN_OBJC_IMPLICIT_RETAIN_SELF = YES;
				CLANG_WARN_OBJC_LITERAL_CONVERSION = YES;
				CLANG_WARN_OBJC_ROOT_CLASS = YES_ERROR;
				CLANG_WARN_QUOTED_INCLUDE_IN_FRAMEWORK_HEADER = YES;
				CLANG_WARN_RANGE_LOOP_ANALYSIS = YES;
				CLANG_WARN_STRICT_PROTOTYPES = YES;
				CLANG_WARN_SUSPICIOUS_MOVE = YES;
				CLANG_WARN_UNGUARDED_AVAILABILITY = YES_AGGRESSIVE;
				CLANG_WARN_UNREACHABLE_CODE = YES;
				CLANG_WARN__DUPLICATE_METHOD_MATCH = YES;
				COPY_PHASE_STRIP = NO;
				DEBUG_INFORMATION_FORMAT = dwarf;
				ENABLE_STRICT_OBJC_MSGSEND = YES;
				ENABLE_TESTABILITY = YES;
				GCC_C_LANGUAGE_STANDARD = gnu11;
				GCC_DYNAMIC_NO_PIC = NO;
				GCC_NO_COMMON_BLOCKS = YES;
				GCC_OPTIMIZATION_LEVEL = 0;
				GCC_PREPROCESSOR_DEFINITIONS = (
					"DEBUG=1",
					"$(inherited)",
				);
				GCC_WARN_64_TO_32_BIT_CONVERSION = YES;
				GCC_WARN_ABOUT_RETURN_TYPE = YES_ERROR;
				GCC_WARN_UNDECLARED_SELECTOR = YES;
				GCC_WARN_UNINITIALIZED_AUTOS = YES_AGGRESSIVE;
				GCC_WARN_UNUSED_FUNCTION = YES;
				GCC_WARN_UNUSED_VARIABLE = YES;
				IPHONEOS_DEPLOYMENT_TARGET = 16.1;
				MTL_ENABLE_DEBUG_INFO = INCLUDE_SOURCE;
				MTL_FAST_MATH = YES;
				ONLY_ACTIVE_ARCH = YES;
				SDKROOT = iphoneos;
				SWIFT_ACTIVE_COMPILATION_CONDITIONS = DEBUG;
				SWIFT_OPTIMIZATION_LEVEL = "-Onone";
			};
			name = Debug;
		};
		CBAB2CE2294A921A001876DD /* Release */ = {
			isa = XCBuildConfiguration;
			buildSettings = {
				ALWAYS_SEARCH_USER_PATHS = NO;
				CLANG_ANALYZER_NONNULL = YES;
				CLANG_ANALYZER_NUMBER_OBJECT_CONVERSION = YES_AGGRESSIVE;
				CLANG_CXX_LANGUAGE_STANDARD = "gnu++20";
				CLANG_ENABLE_MODULES = YES;
				CLANG_ENABLE_OBJC_ARC = YES;
				CLANG_ENABLE_OBJC_WEAK = YES;
				CLANG_WARN_BLOCK_CAPTURE_AUTORELEASING = YES;
				CLANG_WARN_BOOL_CONVERSION = YES;
				CLANG_WARN_COMMA = YES;
				CLANG_WARN_CONSTANT_CONVERSION = YES;
				CLANG_WARN_DEPRECATED_OBJC_IMPLEMENTATIONS = YES;
				CLANG_WARN_DIRECT_OBJC_ISA_USAGE = YES_ERROR;
				CLANG_WARN_DOCUMENTATION_COMMENTS = YES;
				CLANG_WARN_EMPTY_BODY = YES;
				CLANG_WARN_ENUM_CONVERSION = YES;
				CLANG_WARN_INFINITE_RECURSION = YES;
				CLANG_WARN_INT_CONVERSION = YES;
				CLANG_WARN_NON_LITERAL_NULL_CONVERSION = YES;
				CLANG_WARN_OBJC_IMPLICIT_RETAIN_SELF = YES;
				CLANG_WARN_OBJC_LITERAL_CONVERSION = YES;
				CLANG_WARN_OBJC_ROOT_CLASS = YES_ERROR;
				CLANG_WARN_QUOTED_INCLUDE_IN_FRAMEWORK_HEADER = YES;
				CLANG_WARN_RANGE_LOOP_ANALYSIS = YES;
				CLANG_WARN_STRICT_PROTOTYPES = YES;
				CLANG_WARN_SUSPICIOUS_MOVE = YES;
				CLANG_WARN_UNGUARDED_AVAILABILITY = YES_AGGRESSIVE;
				CLANG_WARN_UNREACHABLE_CODE = YES;
				CLANG_WARN__DUPLICATE_METHOD_MATCH = YES;
				COPY_PHASE_STRIP = NO;
				DEBUG_INFORMATION_FORMAT = "dwarf-with-dsym";
				ENABLE_NS_ASSERTIONS = NO;
				ENABLE_STRICT_OBJC_MSGSEND = YES;
				GCC_C_LANGUAGE_STANDARD = gnu11;
				GCC_NO_COMMON_BLOCKS = YES;
				GCC_WARN_64_TO_32_BIT_CONVERSION = YES;
				GCC_WARN_ABOUT_RETURN_TYPE = YES_ERROR;
				GCC_WARN_UNDECLARED_SELECTOR = YES;
				GCC_WARN_UNINITIALIZED_AUTOS = YES_AGGRESSIVE;
				GCC_WARN_UNUSED_FUNCTION = YES;
				GCC_WARN_UNUSED_VARIABLE = YES;
				IPHONEOS_DEPLOYMENT_TARGET = 16.1;
				MTL_ENABLE_DEBUG_INFO = NO;
				MTL_FAST_MATH = YES;
				SDKROOT = iphoneos;
				SWIFT_COMPILATION_MODE = wholemodule;
				SWIFT_OPTIMIZATION_LEVEL = "-O";
				VALIDATE_PRODUCT = YES;
			};
			name = Release;
		};
		CBAB2CE4294A921A001876DD /* Debug */ = {
			isa = XCBuildConfiguration;
			buildSettings = {
				ASSETCATALOG_COMPILER_APPICON_NAME = AppIcon;
				ASSETCATALOG_COMPILER_GLOBAL_ACCENT_COLOR_NAME = AccentColor;
				CODE_SIGN_STYLE = Automatic;
				CURRENT_PROJECT_VERSION = 1;
				DEVELOPMENT_TEAM = X9HLDQA3AC;
				GENERATE_INFOPLIST_FILE = YES;
				INFOPLIST_FILE = Calendarize/Info.plist;
				INFOPLIST_KEY_NSCalendarsUsageDescription = "Calendarize requires access to Apple Calendar.";
				INFOPLIST_KEY_UIApplicationSupportsIndirectInputEvents = YES;
				INFOPLIST_KEY_UILaunchStoryboardName = LaunchScreen;
				INFOPLIST_KEY_UISupportedInterfaceOrientations_iPad = "UIInterfaceOrientationPortrait UIInterfaceOrientationPortraitUpsideDown UIInterfaceOrientationLandscapeLeft UIInterfaceOrientationLandscapeRight";
				INFOPLIST_KEY_UISupportedInterfaceOrientations_iPhone = "UIInterfaceOrientationPortrait UIInterfaceOrientationLandscapeLeft UIInterfaceOrientationLandscapeRight";
				LD_RUNPATH_SEARCH_PATHS = (
					"$(inherited)",
					"@executable_path/Frameworks",
				);
				MARKETING_VERSION = 1.0;
				PRODUCT_BUNDLE_IDENTIFIER = ekuo.Calendarize;
				PRODUCT_NAME = "$(TARGET_NAME)";
				SWIFT_EMIT_LOC_STRINGS = YES;
				SWIFT_VERSION = 5.0;
				TARGETED_DEVICE_FAMILY = "1,2";
			};
			name = Debug;
		};
		CBAB2CE5294A921A001876DD /* Release */ = {
			isa = XCBuildConfiguration;
			buildSettings = {
				ASSETCATALOG_COMPILER_APPICON_NAME = AppIcon;
				ASSETCATALOG_COMPILER_GLOBAL_ACCENT_COLOR_NAME = AccentColor;
				CODE_SIGN_STYLE = Automatic;
				CURRENT_PROJECT_VERSION = 1;
				DEVELOPMENT_TEAM = X9HLDQA3AC;
				GENERATE_INFOPLIST_FILE = YES;
				INFOPLIST_FILE = Calendarize/Info.plist;
				INFOPLIST_KEY_NSCalendarsUsageDescription = "Calendarize requires access to Apple Calendar.";
				INFOPLIST_KEY_UIApplicationSupportsIndirectInputEvents = YES;
				INFOPLIST_KEY_UILaunchStoryboardName = LaunchScreen;
				INFOPLIST_KEY_UISupportedInterfaceOrientations_iPad = "UIInterfaceOrientationPortrait UIInterfaceOrientationPortraitUpsideDown UIInterfaceOrientationLandscapeLeft UIInterfaceOrientationLandscapeRight";
				INFOPLIST_KEY_UISupportedInterfaceOrientations_iPhone = "UIInterfaceOrientationPortrait UIInterfaceOrientationLandscapeLeft UIInterfaceOrientationLandscapeRight";
				LD_RUNPATH_SEARCH_PATHS = (
					"$(inherited)",
					"@executable_path/Frameworks",
				);
				MARKETING_VERSION = 1.0;
				PRODUCT_BUNDLE_IDENTIFIER = ekuo.Calendarize;
				PRODUCT_NAME = "$(TARGET_NAME)";
				SWIFT_EMIT_LOC_STRINGS = YES;
				SWIFT_VERSION = 5.0;
				TARGETED_DEVICE_FAMILY = "1,2";
			};
			name = Release;
		};
/* End XCBuildConfiguration section */

/* Begin XCConfigurationList section */
		CBAB2CCA294A9218001876DD /* Build configuration list for PBXProject "Calendarize" */ = {
			isa = XCConfigurationList;
			buildConfigurations = (
				CBAB2CE1294A921A001876DD /* Debug */,
				CBAB2CE2294A921A001876DD /* Release */,
			);
			defaultConfigurationIsVisible = 0;
			defaultConfigurationName = Release;
		};
		CBAB2CE3294A921A001876DD /* Build configuration list for PBXNativeTarget "Calendarize" */ = {
			isa = XCConfigurationList;
			buildConfigurations = (
				CBAB2CE4294A921A001876DD /* Debug */,
				CBAB2CE5294A921A001876DD /* Release */,
			);
			defaultConfigurationIsVisible = 0;
			defaultConfigurationName = Release;
		};
/* End XCConfigurationList section */

/* Begin XCRemoteSwiftPackageReference section */
		CB02E0122951037D0008AB44 /* XCRemoteSwiftPackageReference "SelectionList" */ = {
			isa = XCRemoteSwiftPackageReference;
			repositoryURL = "https://github.com/yonat/SelectionList.git";
			requirement = {
				kind = upToNextMajorVersion;
				minimumVersion = 1.0.0;
			};
		};
		CBAB2CE9294A949E001876DD /* XCRemoteSwiftPackageReference "CalendarKit" */ = {
			isa = XCRemoteSwiftPackageReference;
			repositoryURL = "https://github.com/richardtop/CalendarKit.git";
			requirement = {
				branch = master;
				kind = branch;
			};
		};
		CBAB2CF1294AD92C001876DD /* XCRemoteSwiftPackageReference "firebase-ios-sdk" */ = {
			isa = XCRemoteSwiftPackageReference;
			repositoryURL = "https://github.com/firebase/firebase-ios-sdk";
			requirement = {
				branch = master;
				kind = branch;
			};
		};
		CBAB2D26294BB2E6001876DD /* XCRemoteSwiftPackageReference "NotificationBanner" */ = {
			isa = XCRemoteSwiftPackageReference;
			repositoryURL = "https://github.com/Daltron/NotificationBanner";
			requirement = {
				kind = upToNextMajorVersion;
				minimumVersion = 3.0.0;
			};
		};
		CBAB2D2F294BB682001876DD /* XCRemoteSwiftPackageReference "EzPopup" */ = {
			isa = XCRemoteSwiftPackageReference;
			repositoryURL = "https://github.com/huynguyencong/EzPopup";
			requirement = {
				branch = master;
				kind = branch;
			};
		};
		CBAB2D3D294BD283001876DD /* XCRemoteSwiftPackageReference "TagListView" */ = {
			isa = XCRemoteSwiftPackageReference;
			repositoryURL = "https://github.com/ElaWorkshop/TagListView";
			requirement = {
				branch = master;
				kind = branch;
			};
		};
/* End XCRemoteSwiftPackageReference section */

/* Begin XCSwiftPackageProductDependency section */
		CB02E0132951037E0008AB44 /* SelectionList */ = {
			isa = XCSwiftPackageProductDependency;
			package = CB02E0122951037D0008AB44 /* XCRemoteSwiftPackageReference "SelectionList" */;
			productName = SelectionList;
		};
		CBAB2CEA294A949E001876DD /* CalendarKit */ = {
			isa = XCSwiftPackageProductDependency;
			package = CBAB2CE9294A949E001876DD /* XCRemoteSwiftPackageReference "CalendarKit" */;
			productName = CalendarKit;
		};
		CBAB2CF2294AD92C001876DD /* FirebaseAnalytics */ = {
			isa = XCSwiftPackageProductDependency;
			package = CBAB2CF1294AD92C001876DD /* XCRemoteSwiftPackageReference "firebase-ios-sdk" */;
			productName = FirebaseAnalytics;
		};
		CBAB2CF4294AD92C001876DD /* FirebaseAuth */ = {
			isa = XCSwiftPackageProductDependency;
			package = CBAB2CF1294AD92C001876DD /* XCRemoteSwiftPackageReference "firebase-ios-sdk" */;
			productName = FirebaseAuth;
		};
		CBAB2CF6294AD92C001876DD /* FirebaseFirestore */ = {
			isa = XCSwiftPackageProductDependency;
			package = CBAB2CF1294AD92C001876DD /* XCRemoteSwiftPackageReference "firebase-ios-sdk" */;
			productName = FirebaseFirestore;
		};
		CBAB2D27294BB2E6001876DD /* NotificationBannerSwift */ = {
			isa = XCSwiftPackageProductDependency;
			package = CBAB2D26294BB2E6001876DD /* XCRemoteSwiftPackageReference "NotificationBanner" */;
			productName = NotificationBannerSwift;
		};
		CBAB2D30294BB682001876DD /* EzPopup */ = {
			isa = XCSwiftPackageProductDependency;
			package = CBAB2D2F294BB682001876DD /* XCRemoteSwiftPackageReference "EzPopup" */;
			productName = EzPopup;
		};
		CBAB2D35294BCEB8001876DD /* FirebaseFirestoreSwift */ = {
			isa = XCSwiftPackageProductDependency;
			package = CBAB2CF1294AD92C001876DD /* XCRemoteSwiftPackageReference "firebase-ios-sdk" */;
			productName = FirebaseFirestoreSwift;
		};
		CBAB2D3E294BD284001876DD /* TagListView */ = {
			isa = XCSwiftPackageProductDependency;
			package = CBAB2D3D294BD283001876DD /* XCRemoteSwiftPackageReference "TagListView" */;
			productName = TagListView;
		};
/* End XCSwiftPackageProductDependency section */
	};
	rootObject = CBAB2CC7294A9218001876DD /* Project object */;
}
